# This file is autogenerated, do not edit; changes may be undone by the next 'dep ensure'.


[[projects]]
  branch = "master"
  digest = "1:cddf81f7eefbb8bf6cf65fe56c3b3c01784d5ca2f133bd5adfc4912497b5176b"
  name = "github.com/influxdata/tdigest"
  packages = ["."]
  pruneopts = "UT"
  revision = "bf2b5ad3c0a925c44a0d2842c5d8182113cd248e"

[[projects]]
  branch = "master"
  digest = "1:927762c6729b4e72957ba3310e485ed09cf8451c5a637a52fd016a9fe09e7936"
  name = "github.com/mailru/easyjson"
  packages = [
    "buffer",
    "jlexer",
    "jwriter",
  ]
  pruneopts = "UT"
  revision = "1b2b06f5f209fea48ff5922d8bfb2b9ed5d8f00b"

[[projects]]
  digest = "1:38d1034ad32b5d73454f75b591a8568f20dfe7bbb23007bfe5c7bab2e95bc193"
  name = "github.com/tsenart/vegeta"
  packages = ["lib"]
  pruneopts = "UT"
  revision = "9c95632b3e8562be6df690c639a3f5a6f40d3004"
  version = "v12.7.0"

[[projects]]
  branch = "master"
  digest = "1:2a2c7bd1100d08e9c079ec0eff95c630162588b5907b22116ba6adff798723fb"
  name = "golang.org/x/net"
  packages = [
    "http/httpguts",
    "http2",
    "http2/hpack",
    "idna",
  ]
  pruneopts = "UT"
  revision = "24e19bdeb0f2d062d8e2640d50a7aaf2a7f80e7a"

[[projects]]
  digest = "1:8d8faad6b12a3a4c819a3f9618cb6ee1fa1cfc33253abeeea8b55336721e3405"
  name = "golang.org/x/text"
  packages = [
    "collate",
    "collate/build",
    "internal/colltab",
    "internal/gen",
    "internal/language",
    "internal/language/compact",
    "internal/tag",
    "internal/triegen",
    "internal/ucd",
    "language",
    "secure/bidirule",
    "transform",
    "unicode/bidi",
    "unicode/cldr",
    "unicode/norm",
    "unicode/rangetable",
  ]
  pruneopts = "UT"
  revision = "342b2e1fbaa52c93f31447ad2c6abc048c63e475"
  version = "v0.3.2"

[solve-meta]
  analyzer-name = "dep"
  analyzer-version = 1
  input-imports = ["github.com/tsenart/vegeta/lib"]
  solver-name = "gps-cdcl"
  solver-version = 1
